
Microsoft Visual Studio Solution File, Format Version 12.00
# Visual Studio Version 17
VisualStudioVersion = 17.14.36310.24
MinimumVisualStudioVersion = 10.0.40219.1
Project("{FAE04EC0-301F-11D3-BF4B-00C04F79EFBC}") = "StarTrekCCG", "StarTrekCCG\StarTrekCCG.csproj", "{3B5ED845-F3CD-4661-9B74-9BCA5111445E}"
EndProject
Project("{FAE04EC0-301F-11D3-BF4B-00C04F79EFBC}") = "LobbyService", "LobbyService\LobbyService.csproj", "{415E10CB-4158-459F-8592-AF050AA78119}"
EndProject
Global
	GlobalSection(SolutionConfigurationPlatforms) = preSolution
		Debug|Any CPU = Debug|Any CPU
		Debug|x64 = Debug|x64
		Debug|x86 = Debug|x86
		Release|Any CPU = Release|Any CPU
		Release|x64 = Release|x64
		Release|x86 = Release|x86
	EndGlobalSection
	GlobalSection(ProjectConfigurationPlatforms) = postSolution
		{3B5ED845-F3CD-4661-9B74-9BCA5111445E}.Debug|Any CPU.ActiveCfg = Debug|Any CPU
		{3B5ED845-F3CD-4661-9B74-9BCA5111445E}.Debug|Any CPU.Build.0 = Debug|Any CPU
		{3B5ED845-F3CD-4661-9B74-9BCA5111445E}.Debug|x64.ActiveCfg = Debug|Any CPU
		{3B5ED845-F3CD-4661-9B74-9BCA5111445E}.Debug|x64.Build.0 = Debug|Any CPU
		{3B5ED845-F3CD-4661-9B74-9BCA5111445E}.Debug|x86.ActiveCfg = Debug|Any CPU
		{3B5ED845-F3CD-4661-9B74-9BCA5111445E}.Debug|x86.Build.0 = Debug|Any CPU
		{3B5ED845-F3CD-4661-9B74-9BCA5111445E}.Release|Any CPU.ActiveCfg = Release|Any CPU
		{3B5ED845-F3CD-4661-9B74-9BCA5111445E}.Release|Any CPU.Build.0 = Release|Any CPU
		{3B5ED845-F3CD-4661-9B74-9BCA5111445E}.Release|x64.ActiveCfg = Release|Any CPU
		{3B5ED845-F3CD-4661-9B74-9BCA5111445E}.Release|x64.Build.0 = Release|Any CPU
		{3B5ED845-F3CD-4661-9B74-9BCA5111445E}.Release|x86.ActiveCfg = Release|Any CPU
		{3B5ED845-F3CD-4661-9B74-9BCA5111445E}.Release|x86.Build.0 = Release|Any CPU
		{415E10CB-4158-459F-8592-AF050AA78119}.Debug|Any CPU.ActiveCfg = Debug|Any CPU
		{415E10CB-4158-459F-8592-AF050AA78119}.Debug|Any CPU.Build.0 = Debug|Any CPU
		{415E10CB-4158-459F-8592-AF050AA78119}.Debug|x64.ActiveCfg = Debug|Any CPU
		{415E10CB-4158-459F-8592-AF050AA78119}.Debug|x64.Build.0 = Debug|Any CPU
		{415E10CB-4158-459F-8592-AF050AA78119}.Debug|x86.ActiveCfg = Debug|Any CPU
		{415E10CB-4158-459F-8592-AF050AA78119}.Debug|x86.Build.0 = Debug|Any CPU
		{415E10CB-4158-459F-8592-AF050AA78119}.Release|Any CPU.ActiveCfg = Release|Any CPU
		{415E10CB-4158-459F-8592-AF050AA78119}.Release|Any CPU.Build.0 = Release|Any CPU
		{415E10CB-4158-459F-8592-AF050AA78119}.Release|x64.ActiveCfg = Release|Any CPU
		{415E10CB-4158-459F-8592-AF050AA78119}.Release|x64.Build.0 = Release|Any CPU
		{415E10CB-4158-459F-8592-AF050AA78119}.Release|x86.ActiveCfg = Release|Any CPU
		{415E10CB-4158-459F-8592-AF050AA78119}.Release|x86.Build.0 = Release|Any CPU
	EndGlobalSection
	GlobalSection(SolutionProperties) = preSolution
		HideSolutionNode = FALSE
	EndGlobalSection
	GlobalSection(ExtensibilityGlobals) = postSolution
		SolutionGuid = {B18C2945-4637-4EC4-9719-78C606EE1BE9}
	EndGlobalSection
EndGlobal
